
Microsoft Visual Studio Solution File, Format Version 12.00
# Visual Studio Version 16
VisualStudioVersion = 16.0.29519.181
MinimumVisualStudioVersion = 10.0.40219.1
Project("{2150E333-8FDC-42A3-9474-1A3956D46DE8}") = "Src", "Src", "{680B00DD-461F-4839-89FF-E2C0F0F40156}"
EndProject
Project("{2150E333-8FDC-42A3-9474-1A3956D46DE8}") = "Test", "Test", "{805AAE44-EF93-4D2C-89FA-12A2CBA056A8}"
EndProject
Project("{9A19103F-16F7-4668-BE54-9A1E7A4F7556}") = "Alghotithms", "EncDec Algorithms\Alghotithms.csproj", "{7033D1D0-F927-4DBF-99F3-5A55D8995452}"
EndProject
Project("{9A19103F-16F7-4668-BE54-9A1E7A4F7556}") = "AlghotithmsTest", "EncDec AlgorithmsTest\AlghotithmsTest.csproj", "{DB23D706-AC6E-4948-BC23-7051EF3994FE}"
EndProject
Global
	GlobalSection(SolutionConfigurationPlatforms) = preSolution
		Debug|Any CPU = Debug|Any CPU
		Release|Any CPU = Release|Any CPU
	EndGlobalSection
	GlobalSection(ProjectConfigurationPlatforms) = postSolution
		{7033D1D0-F927-4DBF-99F3-5A55D8995452}.Debug|Any CPU.ActiveCfg = Debug|Any CPU
		{7033D1D0-F927-4DBF-99F3-5A55D8995452}.Debug|Any CPU.Build.0 = Debug|Any CPU
		{7033D1D0-F927-4DBF-99F3-5A55D8995452}.Release|Any CPU.ActiveCfg = Release|Any CPU
		{7033D1D0-F927-4DBF-99F3-5A55D8995452}.Release|Any CPU.Build.0 = Release|Any CPU
		{DB23D706-AC6E-4948-BC23-7051EF3994FE}.Debug|Any CPU.ActiveCfg = Debug|Any CPU
		{DB23D706-AC6E-4948-BC23-7051EF3994FE}.Debug|Any CPU.Build.0 = Debug|Any CPU
		{DB23D706-AC6E-4948-BC23-7051EF3994FE}.Release|Any CPU.ActiveCfg = Release|Any CPU
		{DB23D706-AC6E-4948-BC23-7051EF3994FE}.Release|Any CPU.Build.0 = Release|Any CPU
	EndGlobalSection
	GlobalSection(SolutionProperties) = preSolution
		HideSolutionNode = FALSE
	EndGlobalSection
	GlobalSection(NestedProjects) = preSolution
		{7033D1D0-F927-4DBF-99F3-5A55D8995452} = {680B00DD-461F-4839-89FF-E2C0F0F40156}
		{DB23D706-AC6E-4948-BC23-7051EF3994FE} = {805AAE44-EF93-4D2C-89FA-12A2CBA056A8}
	EndGlobalSection
	GlobalSection(ExtensibilityGlobals) = postSolution
		SolutionGuid = {A491CDC7-B702-4717-9C31-B3A54F36CE6F}
	EndGlobalSection
EndGlobal
